PODS:
  - HRSCustomErrorHandling (0.2.0)
  - OCMock (3.1.1)

DEPENDENCIES:
  - HRSCustomErrorHandling (from `../`)
  - OCMock

EXTERNAL SOURCES:
  HRSCustomErrorHandling:
    :path: ../

SPEC CHECKSUMS:
  HRSCustomErrorHandling: c32762417a44c2c749f5a008d1e1b73c80f0fb36
  OCMock: f6cb8c162ab9d5620dddf411282c7b2c0ee78854

COCOAPODS: 0.34.4
