PODS:
  - HRSCustomErrorHandling (0.2.0)
  - OCMock (3.1.1)

DEPENDENCIES:
  - HRSCustomErrorHandling (from `../`)
  - OCMock

EXTERNAL SOURCES:
  HRSCustomErrorHandling:
    :path: ../

SPEC CHECKSUMS:
  HRSCustomErrorHandling: f9024663a3fa494e5bdb3675cced91a953c6109c
  OCMock: f6cb8c162ab9d5620dddf411282c7b2c0ee78854

COCOAPODS: 0.36.0
